
Microsoft Visual Studio Solution File, Format Version 12.00
# Visual Studio 15
VisualStudioVersion = 15.0.26206.0
MinimumVisualStudioVersion = 10.0.40219.1
Project("{FAE04EC0-301F-11D3-BF4B-00C04F79EFBC}") = "Sagen", "Sagen\Sagen.csproj", "{C3770497-DA08-4D9F-B6C0-5DBC0A0DA57C}"
EndProject
Project("{FAE04EC0-301F-11D3-BF4B-00C04F79EFBC}") = "SagenConsole", "SagenConsole\SagenConsole.csproj", "{A7AD629E-BA62-41D0-BC6F-4D829C7FB4FB}"
EndProject
Project("{2150E333-8FDC-42A3-9474-1A3956D46DE8}") = "Solution Items", "Solution Items", "{2D59EAAE-EE22-4CD9-B16A-565CFA94618E}"
	ProjectSection(SolutionItems) = preProject
		Rebracer.xml = Rebracer.xml
	EndProjectSection
EndProject
Project("{FAE04EC0-301F-11D3-BF4B-00C04F79EFBC}") = "Sagen.Lang.EnglishUS", "SagenLangUSEnglish\Sagen.Lang.EnglishUS.csproj", "{0B9FAD5A-50E8-49FA-8C9D-78DC9FDD5193}"
EndProject
Project("{2150E333-8FDC-42A3-9474-1A3956D46DE8}") = "Languages", "Languages", "{331C84AF-2691-4C65-BF77-BB4785430509}"
EndProject
Project("{FAE04EC0-301F-11D3-BF4B-00C04F79EFBC}") = "Sagen.Playback.OpenAL", "Sagen.Playback.OpenAL\Sagen.Playback.OpenAL.csproj", "{FE4853C0-4FB3-4001-8498-D0751E833481}"
EndProject
Global
	GlobalSection(SolutionConfigurationPlatforms) = preSolution
		Debug|Any CPU = Debug|Any CPU
		Debug|x64 = Debug|x64
		Debug|x86 = Debug|x86
		Release|Any CPU = Release|Any CPU
		Release|x64 = Release|x64
		Release|x86 = Release|x86
	EndGlobalSection
	GlobalSection(ProjectConfigurationPlatforms) = postSolution
		{C3770497-DA08-4D9F-B6C0-5DBC0A0DA57C}.Debug|Any CPU.ActiveCfg = Debug|Any CPU
		{C3770497-DA08-4D9F-B6C0-5DBC0A0DA57C}.Debug|Any CPU.Build.0 = Debug|Any CPU
		{C3770497-DA08-4D9F-B6C0-5DBC0A0DA57C}.Debug|x64.ActiveCfg = Debug|Any CPU
		{C3770497-DA08-4D9F-B6C0-5DBC0A0DA57C}.Debug|x64.Build.0 = Debug|Any CPU
		{C3770497-DA08-4D9F-B6C0-5DBC0A0DA57C}.Debug|x86.ActiveCfg = Debug|Any CPU
		{C3770497-DA08-4D9F-B6C0-5DBC0A0DA57C}.Debug|x86.Build.0 = Debug|Any CPU
		{C3770497-DA08-4D9F-B6C0-5DBC0A0DA57C}.Release|Any CPU.ActiveCfg = Release|Any CPU
		{C3770497-DA08-4D9F-B6C0-5DBC0A0DA57C}.Release|Any CPU.Build.0 = Release|Any CPU
		{C3770497-DA08-4D9F-B6C0-5DBC0A0DA57C}.Release|x64.ActiveCfg = Release|Any CPU
		{C3770497-DA08-4D9F-B6C0-5DBC0A0DA57C}.Release|x64.Build.0 = Release|Any CPU
		{C3770497-DA08-4D9F-B6C0-5DBC0A0DA57C}.Release|x86.ActiveCfg = Release|Any CPU
		{C3770497-DA08-4D9F-B6C0-5DBC0A0DA57C}.Release|x86.Build.0 = Release|Any CPU
		{A7AD629E-BA62-41D0-BC6F-4D829C7FB4FB}.Debug|Any CPU.ActiveCfg = Debug|Any CPU
		{A7AD629E-BA62-41D0-BC6F-4D829C7FB4FB}.Debug|Any CPU.Build.0 = Debug|Any CPU
		{A7AD629E-BA62-41D0-BC6F-4D829C7FB4FB}.Debug|x64.ActiveCfg = Debug|Any CPU
		{A7AD629E-BA62-41D0-BC6F-4D829C7FB4FB}.Debug|x64.Build.0 = Debug|Any CPU
		{A7AD629E-BA62-41D0-BC6F-4D829C7FB4FB}.Debug|x86.ActiveCfg = Debug|Any CPU
		{A7AD629E-BA62-41D0-BC6F-4D829C7FB4FB}.Debug|x86.Build.0 = Debug|Any CPU
		{A7AD629E-BA62-41D0-BC6F-4D829C7FB4FB}.Release|Any CPU.ActiveCfg = Release|Any CPU
		{A7AD629E-BA62-41D0-BC6F-4D829C7FB4FB}.Release|Any CPU.Build.0 = Release|Any CPU
		{A7AD629E-BA62-41D0-BC6F-4D829C7FB4FB}.Release|x64.ActiveCfg = Release|Any CPU
		{A7AD629E-BA62-41D0-BC6F-4D829C7FB4FB}.Release|x64.Build.0 = Release|Any CPU
		{A7AD629E-BA62-41D0-BC6F-4D829C7FB4FB}.Release|x86.ActiveCfg = Release|Any CPU
		{A7AD629E-BA62-41D0-BC6F-4D829C7FB4FB}.Release|x86.Build.0 = Release|Any CPU
		{0B9FAD5A-50E8-49FA-8C9D-78DC9FDD5193}.Debug|Any CPU.ActiveCfg = Debug|Any CPU
		{0B9FAD5A-50E8-49FA-8C9D-78DC9FDD5193}.Debug|Any CPU.Build.0 = Debug|Any CPU
		{0B9FAD5A-50E8-49FA-8C9D-78DC9FDD5193}.Debug|x64.ActiveCfg = Debug|Any CPU
		{0B9FAD5A-50E8-49FA-8C9D-78DC9FDD5193}.Debug|x64.Build.0 = Debug|Any CPU
		{0B9FAD5A-50E8-49FA-8C9D-78DC9FDD5193}.Debug|x86.ActiveCfg = Debug|Any CPU
		{0B9FAD5A-50E8-49FA-8C9D-78DC9FDD5193}.Debug|x86.Build.0 = Debug|Any CPU
		{0B9FAD5A-50E8-49FA-8C9D-78DC9FDD5193}.Release|Any CPU.ActiveCfg = Release|Any CPU
		{0B9FAD5A-50E8-49FA-8C9D-78DC9FDD5193}.Release|Any CPU.Build.0 = Release|Any CPU
		{0B9FAD5A-50E8-49FA-8C9D-78DC9FDD5193}.Release|x64.ActiveCfg = Release|Any CPU
		{0B9FAD5A-50E8-49FA-8C9D-78DC9FDD5193}.Release|x64.Build.0 = Release|Any CPU
		{0B9FAD5A-50E8-49FA-8C9D-78DC9FDD5193}.Release|x86.ActiveCfg = Release|Any CPU
		{0B9FAD5A-50E8-49FA-8C9D-78DC9FDD5193}.Release|x86.Build.0 = Release|Any CPU
		{FE4853C0-4FB3-4001-8498-D0751E833481}.Debug|Any CPU.ActiveCfg = Debug|Any CPU
		{FE4853C0-4FB3-4001-8498-D0751E833481}.Debug|Any CPU.Build.0 = Debug|Any CPU
		{FE4853C0-4FB3-4001-8498-D0751E833481}.Debug|x64.ActiveCfg = Debug|Any CPU
		{FE4853C0-4FB3-4001-8498-D0751E833481}.Debug|x64.Build.0 = Debug|Any CPU
		{FE4853C0-4FB3-4001-8498-D0751E833481}.Debug|x86.ActiveCfg = Debug|Any CPU
		{FE4853C0-4FB3-4001-8498-D0751E833481}.Debug|x86.Build.0 = Debug|Any CPU
		{FE4853C0-4FB3-4001-8498-D0751E833481}.Release|Any CPU.ActiveCfg = Release|Any CPU
		{FE4853C0-4FB3-4001-8498-D0751E833481}.Release|Any CPU.Build.0 = Release|Any CPU
		{FE4853C0-4FB3-4001-8498-D0751E833481}.Release|x64.ActiveCfg = Release|Any CPU
		{FE4853C0-4FB3-4001-8498-D0751E833481}.Release|x64.Build.0 = Release|Any CPU
		{FE4853C0-4FB3-4001-8498-D0751E833481}.Release|x86.ActiveCfg = Release|Any CPU
		{FE4853C0-4FB3-4001-8498-D0751E833481}.Release|x86.Build.0 = Release|Any CPU
	EndGlobalSection
	GlobalSection(SolutionProperties) = preSolution
		HideSolutionNode = FALSE
	EndGlobalSection
	GlobalSection(NestedProjects) = preSolution
		{0B9FAD5A-50E8-49FA-8C9D-78DC9FDD5193} = {331C84AF-2691-4C65-BF77-BB4785430509}
	EndGlobalSection
EndGlobal
